{
  "name": "babel-plugin-react-docgen",
  "version": "2.0.0-rc.1",
  "lockfileVersion": 1,
  "requires": true,
  "dependencies": {
    "@babel/parser": {
      "version": "7.0.0-beta.53",
      "resolved": "https://npm.squarespace.net:8443/@/@babel/parser/_attachments/parser-7.0.0-beta.53.tgz",
      "integrity": "sha1-H0XrYXv5Rj1IKywE00nZ5O2/SJI="
    },
    "ast-types": {
      "version": "0.11.3",
      "resolved": "https://npm.squarespace.net:8443/a/ast-types/_attachments/ast-types-0.11.3.tgz",
      "integrity": "sha512-XA5o5dsNw8MhyW0Q7MWXJWc4oOzZKbdsEJq45h7c8q/d9DwWZ5F2ugUc1PuMLPGsUnphCt/cNDHu8JeBbxf1qA==",
      "dev": true
    },
    "async": {
      "version": "2.6.1",
      "resolved": "https://npm.squarespace.net:8443/a/async/_attachments/async-2.6.1.tgz",
      "integrity": "sha512-fNEiL2+AZt6AlAw/29Cr0UDe4sRAHCpEHh54WMz+Bb7QfNcFw4h3loofyJpLeQs4Yx7yuqu/2dLgM5hKOs6HlQ==",
      "requires": {
        "lodash": "^4.17.10"
      }
    },
    "babel-runtime": {
      "version": "6.26.0",
      "resolved": "https://npm.squarespace.net:8443/b/babel-runtime/_attachments/babel-runtime-6.26.0.tgz",
      "integrity": "sha1-llxwWGaOgrVde/4E/yM3vItWR/4=",
      "requires": {
        "core-js": "^2.4.0",
        "regenerator-runtime": "^0.11.0"
      }
    },
    "balanced-match": {
      "version": "1.0.0",
      "resolved": "https://npm.squarespace.net:8443/b/balanced-match/_attachments/balanced-match-1.0.0.tgz",
      "integrity": "sha1-ibTRmasr7kneFk6gK4nORi1xt2c="
    },
    "brace-expansion": {
      "version": "1.1.11",
      "resolved": "https://npm.squarespace.net:8443/b/brace-expansion/_attachments/brace-expansion-1.1.11.tgz",
      "integrity": "sha512-iCuPHDFgrHX7H2vEI/5xpz07zSHB00TpugqhmYtVmMO6518mCuRMoOYFldEBl0g187ufozdaHgWKcYFb61qGiA==",
      "requires": {
        "balanced-match": "^1.0.0",
        "concat-map": "0.0.1"
      }
    },
    "commander": {
      "version": "2.16.0",
      "resolved": "https://npm.squarespace.net:8443/c/commander/_attachments/commander-2.16.0.tgz",
      "integrity": "sha512-sVXqklSaotK9at437sFlFpyOcJonxe0yST/AG9DkQKUdIE6IqGIMv4SfAQSKaJbSdVEJYItASCrBiVQHq1HQew=="
    },
    "concat-map": {
      "version": "0.0.1",
      "resolved": "https://npm.squarespace.net:8443/c/concat-map/_attachments/concat-map-0.0.1.tgz",
      "integrity": "sha1-2Klr13/Wjfd5OnMDajug1UBdR3s="
    },
    "core-js": {
      "version": "2.5.7",
      "resolved": "https://npm.squarespace.net:8443/c/core-js/_attachments/core-js-2.5.7.tgz",
      "integrity": "sha512-RszJCAxg/PP6uzXVXL6BsxSXx/B05oJAQ2vkJRjyjrEcNVycaqOmNb5OTxZPE3xa5gwZduqza6L9JOCenh/Ecw=="
    },
    "doctrine": {
      "version": "2.1.0",
      "resolved": "https://npm.squarespace.net:8443/d/doctrine/_attachments/doctrine-2.1.0.tgz",
      "integrity": "sha512-35mSku4ZXK0vfCuHEDAwt55dg2jNajHZ1odvF+8SSr82EsZY4QmXfuWso8oEd8zRhVObSN18aM0CjSdoBX7zIw==",
      "requires": {
        "esutils": "^2.0.2"
      }
    },
    "esprima": {
      "version": "4.0.1",
      "resolved": "https://npm.squarespace.net:8443/e/esprima/_attachments/esprima-4.0.1.tgz",
      "integrity": "sha512-eGuFFw7Upda+g4p+QHvnW0RyTX/SVeJBDM/gCtMARO0cLuT2HcEKnTPvhjV6aGeqrCB/sbNop0Kszm0jsaWU4A=="
    },
    "esutils": {
      "version": "2.0.2",
      "resolved": "https://npm.squarespace.net:8443/e/esutils/_attachments/esutils-2.0.2.tgz",
      "integrity": "sha1-Cr9PHKpbyx96nYrMbepPqqBLrJs="
    },
    "lodash": {
      "version": "4.17.10",
      "resolved": "https://registry.npmjs.org/lodash/-/lodash-4.17.10.tgz",
      "integrity": "sha512-UejweD1pDoXu+AD825lWwp4ZGtSwgnpZxb3JDViD7StjQz+Nb/6l093lx4OQ0foGWNRoc19mWy7BzL+UAK2iVg=="
    },
    "minimatch": {
      "version": "3.0.4",
      "resolved": "https://npm.squarespace.net:8443/m/minimatch/_attachments/minimatch-3.0.4.tgz",
      "integrity": "sha512-yJHVQEhyqPLUTgt9B83PXu6W3rx4MvvHvSUvToogpwoGDOUQ+yDrR0HRot+yOCdCO7u4hX3pWft6kWBBcqh0UA==",
      "requires": {
        "brace-expansion": "^1.1.7"
      }
    },
    "node-dir": {
      "version": "0.1.17",
      "resolved": "https://npm.squarespace.net:8443/n/node-dir/_attachments/node-dir-0.1.17.tgz",
      "integrity": "sha1-X1Zl2TNRM1yqvvjxxVRRbPXx5OU=",
      "requires": {
        "minimatch": "^3.0.2"
      }
    },
    "private": {
      "version": "0.1.7",
      "resolved": "https://registry.npmjs.org/private/-/private-0.1.7.tgz",
      "integrity": "sha1-aM5eih7woju1cMwoU3tTMqumPvE="
    },
    "react-docgen": {
      "version": "3.0.0-rc.0",
      "resolved": "https://npm.squarespace.net:8443/r/react-docgen/_attachments/react-docgen-3.0.0-rc.0.tgz",
      "integrity": "sha512-quhNeAo5LeACZ31LDAifq2Knyz2XE+Zm9QLo4EHgw+NifxBzH8FCQ5PyAPORqaAhWMiPOwYoIZ0biZVGqEkYag==",
      "requires": {
        "@babel/parser": "7.0.0-beta.53",
        "async": "^2.1.4",
        "babel-runtime": "^6.9.2",
        "commander": "^2.9.0",
        "doctrine": "^2.0.0",
        "node-dir": "^0.1.10",
        "recast": "^0.15.0"
      },
      "dependencies": {
        "ast-types": {
          "version": "0.11.5",
          "resolved": "https://npm.squarespace.net:8443/a/ast-types/_attachments/ast-types-0.11.5.tgz",
          "integrity": "sha512-oJjo+5e7/vEc2FBK8gUalV0pba4L3VdBIs2EKhOLHLcOd2FgQIVQN9xb0eZ9IjEWyAL7vq6fGJxOvVvdCHNyMw=="
        },
        "recast": {
          "version": "0.15.2",
          "resolved": "https://npm.squarespace.net:8443/r/recast/_attachments/recast-0.15.2.tgz",
          "integrity": "sha512-L4f/GqxjlEJ5IZ+tdll/l+6dVi2ylysWbkgFJbMuldD6Jklgfv6zJnCpuAZDfjwHhfcd/De0dDKelsTEPQ29qA==",
          "requires": {
            "ast-types": "0.11.5",
            "esprima": "~4.0.0",
            "private": "~0.1.5",
            "source-map": "~0.6.1"
          }
        },
        "source-map": {
          "version": "0.6.1",
          "resolved": "https://npm.squarespace.net:8443/s/source-map/_attachments/source-map-0.6.1.tgz",
          "integrity": "sha512-UjgapumWlbMhkBgzT7Ykc5YXUT46F0iKu8SGXq0bcwP5dz/h0Plj6enJqjz1Zbq2l5WaqYnrVbwWOWMyF3F47g=="
        }
      }
    },
    "recast": {
      "version": "0.14.7",
      "resolved": "https://npm.squarespace.net:8443/r/recast/_attachments/recast-0.14.7.tgz",
      "integrity": "sha512-/nwm9pkrcWagN40JeJhkPaRxiHXBRkXyRh/hgU088Z/v+qCy+zIHHY6bC6o7NaKAxPqtE6nD8zBH1LfU0/Wx6A==",
      "dev": true,
      "requires": {
        "ast-types": "0.11.3",
        "esprima": "~4.0.0",
        "private": "~0.1.5",
        "source-map": "~0.6.1"
      },
      "dependencies": {
        "source-map": {
          "version": "0.6.1",
          "resolved": "https://npm.squarespace.net:8443/s/source-map/_attachments/source-map-0.6.1.tgz",
          "integrity": "sha512-UjgapumWlbMhkBgzT7Ykc5YXUT46F0iKu8SGXq0bcwP5dz/h0Plj6enJqjz1Zbq2l5WaqYnrVbwWOWMyF3F47g==",
          "dev": true
        }
      }
    },
    "regenerator-runtime": {
      "version": "0.11.1",
      "resolved": "https://npm.squarespace.net:8443/r/regenerator-runtime/_attachments/regenerator-runtime-0.11.1.tgz",
      "integrity": "sha512-MguG95oij0fC3QV3URf4V2SDYGJhJnJGqvIIgdECeODCT98wSWDAJ94SSuVpYQUoTcGUIL6L4yNB7j1DFFHSBg=="
    }
  }
}
